// !$*UTF8*$!
{
	archiveVersion = 1;
	classes = {
	};
	objectVersion = 46;
	objects = {

/* Begin PBXBuildFile section */
		A1601CEC8F01B5EC823D7455 /* Pods_lolyhub.framework in Frameworks */ = {isa = PBXBuildFile; fileRef = 16D1E0670C95468046BF128A /* Pods_lolyhub.framework */; };
		E91566D01E2618D100860D9C /* StoryboardiPad.storyboard in Resources */ = {isa = PBXBuildFile; fileRef = E91566CF1E2618D100860D9C /* StoryboardiPad.storyboard */; };
		E978C3AA1E236B3F00B73BF6 /* AppDelegate.swift in Sources */ = {isa = PBXBuildFile; fileRef = E978C3A91E236B3F00B73BF6 /* AppDelegate.swift */; };
		E978C3AC1E236B3F00B73BF6 /* ViewController.swift in Sources */ = {isa = PBXBuildFile; fileRef = E978C3AB1E236B3F00B73BF6 /* ViewController.swift */; };
		E978C3AF1E236B3F00B73BF6 /* Main.storyboard in Resources */ = {isa = PBXBuildFile; fileRef = E978C3AD1E236B3F00B73BF6 /* Main.storyboard */; };
		E978C3B11E236B3F00B73BF6 /* Assets.xcassets in Resources */ = {isa = PBXBuildFile; fileRef = E978C3B01E236B3F00B73BF6 /* Assets.xcassets */; };
		E978C3B41E236B3F00B73BF6 /* LaunchScreen.storyboard in Resources */ = {isa = PBXBuildFile; fileRef = E978C3B21E236B3F00B73BF6 /* LaunchScreen.storyboard */; };
		E978C3BF1E236B3F00B73BF6 /* lolyhubTests.swift in Sources */ = {isa = PBXBuildFile; fileRef = E978C3BE1E236B3F00B73BF6 /* lolyhubTests.swift */; };
		E978C3CA1E236B3F00B73BF6 /* lolyhubUITests.swift in Sources */ = {isa = PBXBuildFile; fileRef = E978C3C91E236B3F00B73BF6 /* lolyhubUITests.swift */; };
		E978C3DF1E2397C400B73BF6 /* LoginSignupParentViewController.swift in Sources */ = {isa = PBXBuildFile; fileRef = E978C3DE1E2397C400B73BF6 /* LoginSignupParentViewController.swift */; };
		E978C3E11E239A7600B73BF6 /* LoginViewController.swift in Sources */ = {isa = PBXBuildFile; fileRef = E978C3E01E239A7600B73BF6 /* LoginViewController.swift */; };
		E978C3E31E239A8200B73BF6 /* SignupViewController.swift in Sources */ = {isa = PBXBuildFile; fileRef = E978C3E21E239A8200B73BF6 /* SignupViewController.swift */; };
		E978C3E61E23B2E700B73BF6 /* Constants.swift in Sources */ = {isa = PBXBuildFile; fileRef = E978C3E51E23B2E700B73BF6 /* Constants.swift */; };
		E978C3E81E23B2F600B73BF6 /* LHStyler.swift in Sources */ = {isa = PBXBuildFile; fileRef = E978C3E71E23B2F600B73BF6 /* LHStyler.swift */; };
/* End PBXBuildFile section */

/* Begin PBXContainerItemProxy section */
		E978C3BB1E236B3F00B73BF6 /* PBXContainerItemProxy */ = {
			isa = PBXContainerItemProxy;
			containerPortal = E978C39E1E236B3F00B73BF6 /* Project object */;
			proxyType = 1;
			remoteGlobalIDString = E978C3A51E236B3F00B73BF6;
			remoteInfo = lolyhub;
		};
		E978C3C61E236B3F00B73BF6 /* PBXContainerItemProxy */ = {
			isa = PBXContainerItemProxy;
			containerPortal = E978C39E1E236B3F00B73BF6 /* Project object */;
			proxyType = 1;
			remoteGlobalIDString = E978C3A51E236B3F00B73BF6;
			remoteInfo = lolyhub;
		};
/* End PBXContainerItemProxy section */

/* Begin PBXFileReference section */
		16D1E0670C95468046BF128A /* Pods_lolyhub.framework */ = {isa = PBXFileReference; explicitFileType = wrapper.framework; includeInIndex = 0; path = Pods_lolyhub.framework; sourceTree = BUILT_PRODUCTS_DIR; };
		3A06159734B15997B22D7A64 /* Pods-lolyhub.release.xcconfig */ = {isa = PBXFileReference; includeInIndex = 1; lastKnownFileType = text.xcconfig; name = "Pods-lolyhub.release.xcconfig"; path = "Pods/Target Support Files/Pods-lolyhub/Pods-lolyhub.release.xcconfig"; sourceTree = "<group>"; };
		4EF5095A693E86573D880F03 /* Pods-lolyhub.debug.xcconfig */ = {isa = PBXFileReference; includeInIndex = 1; lastKnownFileType = text.xcconfig; name = "Pods-lolyhub.debug.xcconfig"; path = "Pods/Target Support Files/Pods-lolyhub/Pods-lolyhub.debug.xcconfig"; sourceTree = "<group>"; };
		E91566CF1E2618D100860D9C /* StoryboardiPad.storyboard */ = {isa = PBXFileReference; fileEncoding = 4; lastKnownFileType = file.storyboard; path = StoryboardiPad.storyboard; sourceTree = "<group>"; };
		E978C3A61E236B3F00B73BF6 /* lolyhub.app */ = {isa = PBXFileReference; explicitFileType = wrapper.application; includeInIndex = 0; path = lolyhub.app; sourceTree = BUILT_PRODUCTS_DIR; };
		E978C3A91E236B3F00B73BF6 /* AppDelegate.swift */ = {isa = PBXFileReference; lastKnownFileType = sourcecode.swift; path = AppDelegate.swift; sourceTree = "<group>"; };
		E978C3AB1E236B3F00B73BF6 /* ViewController.swift */ = {isa = PBXFileReference; lastKnownFileType = sourcecode.swift; path = ViewController.swift; sourceTree = "<group>"; };
		E978C3AE1E236B3F00B73BF6 /* Base */ = {isa = PBXFileReference; lastKnownFileType = file.storyboard; name = Base; path = Base.lproj/Main.storyboard; sourceTree = "<group>"; };
		E978C3B01E236B3F00B73BF6 /* Assets.xcassets */ = {isa = PBXFileReference; lastKnownFileType = folder.assetcatalog; path = Assets.xcassets; sourceTree = "<group>"; };
		E978C3B31E236B3F00B73BF6 /* Base */ = {isa = PBXFileReference; lastKnownFileType = file.storyboard; name = Base; path = Base.lproj/LaunchScreen.storyboard; sourceTree = "<group>"; };
		E978C3B51E236B3F00B73BF6 /* Info.plist */ = {isa = PBXFileReference; lastKnownFileType = text.plist.xml; path = Info.plist; sourceTree = "<group>"; };
		E978C3BA1E236B3F00B73BF6 /* lolyhubTests.xctest */ = {isa = PBXFileReference; explicitFileType = wrapper.cfbundle; includeInIndex = 0; path = lolyhubTests.xctest; sourceTree = BUILT_PRODUCTS_DIR; };
		E978C3BE1E236B3F00B73BF6 /* lolyhubTests.swift */ = {isa = PBXFileReference; lastKnownFileType = sourcecode.swift; path = lolyhubTests.swift; sourceTree = "<group>"; };
		E978C3C01E236B3F00B73BF6 /* Info.plist */ = {isa = PBXFileReference; lastKnownFileType = text.plist.xml; path = Info.plist; sourceTree = "<group>"; };
		E978C3C51E236B3F00B73BF6 /* lolyhubUITests.xctest */ = {isa = PBXFileReference; explicitFileType = wrapper.cfbundle; includeInIndex = 0; path = lolyhubUITests.xctest; sourceTree = BUILT_PRODUCTS_DIR; };
		E978C3C91E236B3F00B73BF6 /* lolyhubUITests.swift */ = {isa = PBXFileReference; lastKnownFileType = sourcecode.swift; path = lolyhubUITests.swift; sourceTree = "<group>"; };
		E978C3CB1E236B3F00B73BF6 /* Info.plist */ = {isa = PBXFileReference; lastKnownFileType = text.plist.xml; path = Info.plist; sourceTree = "<group>"; };
		E978C3DE1E2397C400B73BF6 /* LoginSignupParentViewController.swift */ = {isa = PBXFileReference; fileEncoding = 4; lastKnownFileType = sourcecode.swift; path = LoginSignupParentViewController.swift; sourceTree = "<group>"; };
		E978C3E01E239A7600B73BF6 /* LoginViewController.swift */ = {isa = PBXFileReference; fileEncoding = 4; lastKnownFileType = sourcecode.swift; path = LoginViewController.swift; sourceTree = "<group>"; };
		E978C3E21E239A8200B73BF6 /* SignupViewController.swift */ = {isa = PBXFileReference; fileEncoding = 4; lastKnownFileType = sourcecode.swift; path = SignupViewController.swift; sourceTree = "<group>"; };
		E978C3E51E23B2E700B73BF6 /* Constants.swift */ = {isa = PBXFileReference; fileEncoding = 4; lastKnownFileType = sourcecode.swift; path = Constants.swift; sourceTree = "<group>"; };
		E978C3E71E23B2F600B73BF6 /* LHStyler.swift */ = {isa = PBXFileReference; fileEncoding = 4; lastKnownFileType = sourcecode.swift; path = LHStyler.swift; sourceTree = "<group>"; };
/* End PBXFileReference section */

/* Begin PBXFrameworksBuildPhase section */
		E978C3A31E236B3F00B73BF6 /* Frameworks */ = {
			isa = PBXFrameworksBuildPhase;
			buildActionMask = 2147483647;
			files = (
				A1601CEC8F01B5EC823D7455 /* Pods_lolyhub.framework in Frameworks */,
			);
			runOnlyForDeploymentPostprocessing = 0;
		};
		E978C3B71E236B3F00B73BF6 /* Frameworks */ = {
			isa = PBXFrameworksBuildPhase;
			buildActionMask = 2147483647;
			files = (
			);
			runOnlyForDeploymentPostprocessing = 0;
		};
		E978C3C21E236B3F00B73BF6 /* Frameworks */ = {
			isa = PBXFrameworksBuildPhase;
			buildActionMask = 2147483647;
			files = (
			);
			runOnlyForDeploymentPostprocessing = 0;
		};
/* End PBXFrameworksBuildPhase section */

/* Begin PBXGroup section */
		0CA4968D23E961871D1A48D3 /* Frameworks */ = {
			isa = PBXGroup;
			children = (
				16D1E0670C95468046BF128A /* Pods_lolyhub.framework */,
			);
			name = Frameworks;
			sourceTree = "<group>";
		};
		E978C39D1E236B3F00B73BF6 = {
			isa = PBXGroup;
			children = (
				E978C3A81E236B3F00B73BF6 /* lolyhub */,
				E978C3BD1E236B3F00B73BF6 /* lolyhubTests */,
				E978C3C81E236B3F00B73BF6 /* lolyhubUITests */,
				E978C3A71E236B3F00B73BF6 /* Products */,
				F242D95718ABB9801402418F /* Pods */,
				0CA4968D23E961871D1A48D3 /* Frameworks */,
			);
			sourceTree = "<group>";
		};
		E978C3A71E236B3F00B73BF6 /* Products */ = {
			isa = PBXGroup;
			children = (
				E978C3A61E236B3F00B73BF6 /* lolyhub.app */,
				E978C3BA1E236B3F00B73BF6 /* lolyhubTests.xctest */,
				E978C3C51E236B3F00B73BF6 /* lolyhubUITests.xctest */,
			);
			name = Products;
			sourceTree = "<group>";
		};
		E978C3A81E236B3F00B73BF6 /* lolyhub */ = {
			isa = PBXGroup;
			children = (
				E978C3A91E236B3F00B73BF6 /* AppDelegate.swift */,
				E978C3AB1E236B3F00B73BF6 /* ViewController.swift */,
				E91566CF1E2618D100860D9C /* StoryboardiPad.storyboard */,
				E978C3AD1E236B3F00B73BF6 /* Main.storyboard */,
				E978C3B01E236B3F00B73BF6 /* Assets.xcassets */,
				E978C3B21E236B3F00B73BF6 /* LaunchScreen.storyboard */,
				E978C3B51E236B3F00B73BF6 /* Info.plist */,
				E978C3E41E23B2C300B73BF6 /* Utilities */,
				E978C3DD1E2388A700B73BF6 /* LoginSignup */,
			);
			path = lolyhub;
			sourceTree = "<group>";
		};
		E978C3BD1E236B3F00B73BF6 /* lolyhubTests */ = {
			isa = PBXGroup;
			children = (
				E978C3BE1E236B3F00B73BF6 /* lolyhubTests.swift */,
				E978C3C01E236B3F00B73BF6 /* Info.plist */,
			);
			path = lolyhubTests;
			sourceTree = "<group>";
		};
		E978C3C81E236B3F00B73BF6 /* lolyhubUITests */ = {
			isa = PBXGroup;
			children = (
				E978C3C91E236B3F00B73BF6 /* lolyhubUITests.swift */,
				E978C3CB1E236B3F00B73BF6 /* Info.plist */,
			);
			path = lolyhubUITests;
			sourceTree = "<group>";
		};
		E978C3DD1E2388A700B73BF6 /* LoginSignup */ = {
			isa = PBXGroup;
			children = (
				E978C3DE1E2397C400B73BF6 /* LoginSignupParentViewController.swift */,
				E978C3E01E239A7600B73BF6 /* LoginViewController.swift */,
				E978C3E21E239A8200B73BF6 /* SignupViewController.swift */,
			);
			name = LoginSignup;
			sourceTree = "<group>";
		};
		E978C3E41E23B2C300B73BF6 /* Utilities */ = {
			isa = PBXGroup;
			children = (
				E978C3E51E23B2E700B73BF6 /* Constants.swift */,
				E978C3E71E23B2F600B73BF6 /* LHStyler.swift */,
			);
			name = Utilities;
			sourceTree = "<group>";
		};
		F242D95718ABB9801402418F /* Pods */ = {
			isa = PBXGroup;
			children = (
				4EF5095A693E86573D880F03 /* Pods-lolyhub.debug.xcconfig */,
				3A06159734B15997B22D7A64 /* Pods-lolyhub.release.xcconfig */,
			);
			name = Pods;
			sourceTree = "<group>";
		};
/* End PBXGroup section */

/* Begin PBXNativeTarget section */
		E978C3A51E236B3F00B73BF6 /* lolyhub */ = {
			isa = PBXNativeTarget;
			buildConfigurationList = E978C3CE1E236B3F00B73BF6 /* Build configuration list for PBXNativeTarget "lolyhub" */;
			buildPhases = (
				23287215B6A941BADA5A98FE /* [CP] Check Pods Manifest.lock */,
				E978C3A21E236B3F00B73BF6 /* Sources */,
				E978C3A31E236B3F00B73BF6 /* Frameworks */,
				E978C3A41E236B3F00B73BF6 /* Resources */,
				85E6B5CB047113EDF0F36428 /* [CP] Embed Pods Frameworks */,
				6BD6E1972CAF3DF8CB73036C /* [CP] Copy Pods Resources */,
			);
			buildRules = (
			);
			dependencies = (
			);
			name = lolyhub;
			productName = lolyhub;
			productReference = E978C3A61E236B3F00B73BF6 /* lolyhub.app */;
			productType = "com.apple.product-type.application";
		};
		E978C3B91E236B3F00B73BF6 /* lolyhubTests */ = {
			isa = PBXNativeTarget;
			buildConfigurationList = E978C3D11E236B3F00B73BF6 /* Build configuration list for PBXNativeTarget "lolyhubTests" */;
			buildPhases = (
				E978C3B61E236B3F00B73BF6 /* Sources */,
				E978C3B71E236B3F00B73BF6 /* Frameworks */,
				E978C3B81E236B3F00B73BF6 /* Resources */,
			);
			buildRules = (
			);
			dependencies = (
				E978C3BC1E236B3F00B73BF6 /* PBXTargetDependency */,
			);
			name = lolyhubTests;
			productName = lolyhubTests;
			productReference = E978C3BA1E236B3F00B73BF6 /* lolyhubTests.xctest */;
			productType = "com.apple.product-type.bundle.unit-test";
		};
		E978C3C41E236B3F00B73BF6 /* lolyhubUITests */ = {
			isa = PBXNativeTarget;
			buildConfigurationList = E978C3D41E236B3F00B73BF6 /* Build configuration list for PBXNativeTarget "lolyhubUITests" */;
			buildPhases = (
				E978C3C11E236B3F00B73BF6 /* Sources */,
				E978C3C21E236B3F00B73BF6 /* Frameworks */,
				E978C3C31E236B3F00B73BF6 /* Resources */,
			);
			buildRules = (
			);
			dependencies = (
				E978C3C71E236B3F00B73BF6 /* PBXTargetDependency */,
			);
			name = lolyhubUITests;
			productName = lolyhubUITests;
			productReference = E978C3C51E236B3F00B73BF6 /* lolyhubUITests.xctest */;
			productType = "com.apple.product-type.bundle.ui-testing";
		};
/* End PBXNativeTarget section */

/* Begin PBXProject section */
		E978C39E1E236B3F00B73BF6 /* Project object */ = {
			isa = PBXProject;
			attributes = {
				LastSwiftUpdateCheck = 0810;
				LastUpgradeCheck = 0810;
				ORGANIZATIONNAME = webwerks;
				TargetAttributes = {
					E978C3A51E236B3F00B73BF6 = {
						CreatedOnToolsVersion = 8.1;
						ProvisioningStyle = Automatic;
					};
					E978C3B91E236B3F00B73BF6 = {
						CreatedOnToolsVersion = 8.1;
						ProvisioningStyle = Automatic;
						TestTargetID = E978C3A51E236B3F00B73BF6;
					};
					E978C3C41E236B3F00B73BF6 = {
						CreatedOnToolsVersion = 8.1;
						ProvisioningStyle = Automatic;
						TestTargetID = E978C3A51E236B3F00B73BF6;
					};
				};
			};
			buildConfigurationList = E978C3A11E236B3F00B73BF6 /* Build configuration list for PBXProject "lolyhub" */;
			compatibilityVersion = "Xcode 3.2";
			developmentRegion = English;
			hasScannedForEncodings = 0;
			knownRegions = (
				en,
				Base,
			);
			mainGroup = E978C39D1E236B3F00B73BF6;
			productRefGroup = E978C3A71E236B3F00B73BF6 /* Products */;
			projectDirPath = "";
			projectRoot = "";
			targets = (
				E978C3A51E236B3F00B73BF6 /* lolyhub */,
				E978C3B91E236B3F00B73BF6 /* lolyhubTests */,
				E978C3C41E236B3F00B73BF6 /* lolyhubUITests */,
			);
		};
/* End PBXProject section */

/* Begin PBXResourcesBuildPhase section */
		E978C3A41E236B3F00B73BF6 /* Resources */ = {
			isa = PBXResourcesBuildPhase;
			buildActionMask = 2147483647;
			files = (
				E978C3B41E236B3F00B73BF6 /* LaunchScreen.storyboard in Resources */,
				E978C3B11E236B3F00B73BF6 /* Assets.xcassets in Resources */,
				E978C3AF1E236B3F00B73BF6 /* Main.storyboard in Resources */,
				E91566D01E2618D100860D9C /* StoryboardiPad.storyboard in Resources */,
			);
			runOnlyForDeploymentPostprocessing = 0;
		};
		E978C3B81E236B3F00B73BF6 /* Resources */ = {
			isa = PBXResourcesBuildPhase;
			buildActionMask = 2147483647;
			files = (
			);
			runOnlyForDeploymentPostprocessing = 0;
		};
		E978C3C31E236B3F00B73BF6 /* Resources */ = {
			isa = PBXResourcesBuildPhase;
			buildActionMask = 2147483647;
			files = (
			);
			runOnlyForDeploymentPostprocessing = 0;
		};
/* End PBXResourcesBuildPhase section */

/* Begin PBXShellScriptBuildPhase section */
		23287215B6A941BADA5A98FE /* [CP] Check Pods Manifest.lock */ = {
			isa = PBXShellScriptBuildPhase;
			buildActionMask = 2147483647;
			files = (
			);
			inputPaths = (
			);
			name = "[CP] Check Pods Manifest.lock";
			outputPaths = (
			);
			runOnlyForDeploymentPostprocessing = 0;
			shellPath = /bin/sh;
			shellScript = "diff \"${PODS_ROOT}/../Podfile.lock\" \"${PODS_ROOT}/Manifest.lock\" > /dev/null\nif [ $? != 0 ] ; then\n    # print error to STDERR\n    echo \"error: The sandbox is not in sync with the Podfile.lock. Run 'pod install' or update your CocoaPods installation.\" >&2\n    exit 1\nfi\n";
			showEnvVarsInLog = 0;
		};
		6BD6E1972CAF3DF8CB73036C /* [CP] Copy Pods Resources */ = {
			isa = PBXShellScriptBuildPhase;
			buildActionMask = 2147483647;
			files = (
			);
			inputPaths = (
			);
			name = "[CP] Copy Pods Resources";
			outputPaths = (
			);
			runOnlyForDeploymentPostprocessing = 0;
			shellPath = /bin/sh;
			shellScript = "\"${SRCROOT}/Pods/Target Support Files/Pods-lolyhub/Pods-lolyhub-resources.sh\"\n";
			showEnvVarsInLog = 0;
		};
		85E6B5CB047113EDF0F36428 /* [CP] Embed Pods Frameworks */ = {
			isa = PBXShellScriptBuildPhase;
			buildActionMask = 2147483647;
			files = (
			);
			inputPaths = (
			);
			name = "[CP] Embed Pods Frameworks";
			outputPaths = (
			);
			runOnlyForDeploymentPostprocessing = 0;
			shellPath = /bin/sh;
			shellScript = "\"${SRCROOT}/Pods/Target Support Files/Pods-lolyhub/Pods-lolyhub-frameworks.sh\"\n";
			showEnvVarsInLog = 0;
		};
/* End PBXShellScriptBuildPhase section */

/* Begin PBXSourcesBuildPhase section */
		E978C3A21E236B3F00B73BF6 /* Sources */ = {
			isa = PBXSourcesBuildPhase;
			buildActionMask = 2147483647;
			files = (
				E978C3E11E239A7600B73BF6 /* LoginViewController.swift in Sources */,
				E978C3AC1E236B3F00B73BF6 /* ViewController.swift in Sources */,
				E978C3E31E239A8200B73BF6 /* SignupViewController.swift in Sources */,
				E978C3DF1E2397C400B73BF6 /* LoginSignupParentViewController.swift in Sources */,
				E978C3AA1E236B3F00B73BF6 /* AppDelegate.swift in Sources */,
				E978C3E61E23B2E700B73BF6 /* Constants.swift in Sources */,
				E978C3E81E23B2F600B73BF6 /* LHStyler.swift in Sources */,
			);
			runOnlyForDeploymentPostprocessing = 0;
		};
		E978C3B61E236B3F00B73BF6 /* Sources */ = {
			isa = PBXSourcesBuildPhase;
			buildActionMask = 2147483647;
			files = (
				E978C3BF1E236B3F00B73BF6 /* lolyhubTests.swift in Sources */,
			);
			runOnlyForDeploymentPostprocessing = 0;
		};
		E978C3C11E236B3F00B73BF6 /* Sources */ = {
			isa = PBXSourcesBuildPhase;
			buildActionMask = 2147483647;
			files = (
				E978C3CA1E236B3F00B73BF6 /* lolyhubUITests.swift in Sources */,
			);
			runOnlyForDeploymentPostprocessing = 0;
		};
/* End PBXSourcesBuildPhase section */

/* Begin PBXTargetDependency section */
		E978C3BC1E236B3F00B73BF6 /* PBXTargetDependency */ = {
			isa = PBXTargetDependency;
			target = E978C3A51E236B3F00B73BF6 /* lolyhub */;
			targetProxy = E978C3BB1E236B3F00B73BF6 /* PBXContainerItemProxy */;
		};
		E978C3C71E236B3F00B73BF6 /* PBXTargetDependency */ = {
			isa = PBXTargetDependency;
			target = E978C3A51E236B3F00B73BF6 /* lolyhub */;
			targetProxy = E978C3C61E236B3F00B73BF6 /* PBXContainerItemProxy */;
		};
/* End PBXTargetDependency section */

/* Begin PBXVariantGroup section */
		E978C3AD1E236B3F00B73BF6 /* Main.storyboard */ = {
			isa = PBXVariantGroup;
			children = (
				E978C3AE1E236B3F00B73BF6 /* Base */,
			);
			name = Main.storyboard;
			sourceTree = "<group>";
		};
		E978C3B21E236B3F00B73BF6 /* LaunchScreen.storyboard */ = {
			isa = PBXVariantGroup;
			children = (
				E978C3B31E236B3F00B73BF6 /* Base */,
			);
			name = LaunchScreen.storyboard;
			sourceTree = "<group>";
		};
/* End PBXVariantGroup section */

/* Begin XCBuildConfiguration section */
		E978C3CC1E236B3F00B73BF6 /* Debug */ = {
			isa = XCBuildConfiguration;
			buildSettings = {
				ALWAYS_SEARCH_USER_PATHS = NO;
				CLANG_ANALYZER_NONNULL = YES;
				CLANG_CXX_LANGUAGE_STANDARD = "gnu++0x";
				CLANG_CXX_LIBRARY = "libc++";
				CLANG_ENABLE_MODULES = YES;
				CLANG_ENABLE_OBJC_ARC = YES;
				CLANG_WARN_BOOL_CONVERSION = YES;
				CLANG_WARN_CONSTANT_CONVERSION = YES;
				CLANG_WARN_DIRECT_OBJC_ISA_USAGE = YES_ERROR;
				CLANG_WARN_DOCUMENTATION_COMMENTS = YES;
				CLANG_WARN_EMPTY_BODY = YES;
				CLANG_WARN_ENUM_CONVERSION = YES;
				CLANG_WARN_INFINITE_RECURSION = YES;
				CLANG_WARN_INT_CONVERSION = YES;
				CLANG_WARN_OBJC_ROOT_CLASS = YES_ERROR;
				CLANG_WARN_SUSPICIOUS_MOVES = YES;
				CLANG_WARN_UNREACHABLE_CODE = YES;
				CLANG_WARN__DUPLICATE_METHOD_MATCH = YES;
				"CODE_SIGN_IDENTITY[sdk=iphoneos*]" = "iPhone Developer";
				COPY_PHASE_STRIP = NO;
				DEBUG_INFORMATION_FORMAT = dwarf;
				ENABLE_STRICT_OBJC_MSGSEND = YES;
				ENABLE_TESTABILITY = YES;
				GCC_C_LANGUAGE_STANDARD = gnu99;
				GCC_DYNAMIC_NO_PIC = NO;
				GCC_NO_COMMON_BLOCKS = YES;
				GCC_OPTIMIZATION_LEVEL = 0;
				GCC_PREPROCESSOR_DEFINITIONS = (
					"DEBUG=1",
					"$(inherited)",
				);
				GCC_WARN_64_TO_32_BIT_CONVERSION = YES;
				GCC_WARN_ABOUT_RETURN_TYPE = YES_ERROR;
				GCC_WARN_UNDECLARED_SELECTOR = YES;
				GCC_WARN_UNINITIALIZED_AUTOS = YES_AGGRESSIVE;
				GCC_WARN_UNUSED_FUNCTION = YES;
				GCC_WARN_UNUSED_VARIABLE = YES;
				IPHONEOS_DEPLOYMENT_TARGET = 10.1;
				MTL_ENABLE_DEBUG_INFO = YES;
				ONLY_ACTIVE_ARCH = YES;
				SDKROOT = iphoneos;
				SWIFT_ACTIVE_COMPILATION_CONDITIONS = DEBUG;
				SWIFT_OPTIMIZATION_LEVEL = "-Onone";
			};
			name = Debug;
		};
		E978C3CD1E236B3F00B73BF6 /* Release */ = {
			isa = XCBuildConfiguration;
			buildSettings = {
				ALWAYS_SEARCH_USER_PATHS = NO;
				CLANG_ANALYZER_NONNULL = YES;
				CLANG_CXX_LANGUAGE_STANDARD = "gnu++0x";
				CLANG_CXX_LIBRARY = "libc++";
				CLANG_ENABLE_MODULES = YES;
				CLANG_ENABLE_OBJC_ARC = YES;
				CLANG_WARN_BOOL_CONVERSION = YES;
				CLANG_WARN_CONSTANT_CONVERSION = YES;
				CLANG_WARN_DIRECT_OBJC_ISA_USAGE = YES_ERROR;
				CLANG_WARN_DOCUMENTATION_COMMENTS = YES;
				CLANG_WARN_EMPTY_BODY = YES;
				CLANG_WARN_ENUM_CONVERSION = YES;
				CLANG_WARN_INFINITE_RECURSION = YES;
				CLANG_WARN_INT_CONVERSION = YES;
				CLANG_WARN_OBJC_ROOT_CLASS = YES_ERROR;
				CLANG_WARN_SUSPICIOUS_MOVES = YES;
				CLANG_WARN_UNREACHABLE_CODE = YES;
				CLANG_WARN__DUPLICATE_METHOD_MATCH = YES;
				"CODE_SIGN_IDENTITY[sdk=iphoneos*]" = "iPhone Developer";
				COPY_PHASE_STRIP = NO;
				DEBUG_INFORMATION_FORMAT = "dwarf-with-dsym";
				ENABLE_NS_ASSERTIONS = NO;
				ENABLE_STRICT_OBJC_MSGSEND = YES;
				GCC_C_LANGUAGE_STANDARD = gnu99;
				GCC_NO_COMMON_BLOCKS = YES;
				GCC_WARN_64_TO_32_BIT_CONVERSION = YES;
				GCC_WARN_ABOUT_RETURN_TYPE = YES_ERROR;
				GCC_WARN_UNDECLARED_SELECTOR = YES;
				GCC_WARN_UNINITIALIZED_AUTOS = YES_AGGRESSIVE;
				GCC_WARN_UNUSED_FUNCTION = YES;
				GCC_WARN_UNUSED_VARIABLE = YES;
				IPHONEOS_DEPLOYMENT_TARGET = 10.1;
				MTL_ENABLE_DEBUG_INFO = NO;
				SDKROOT = iphoneos;
				SWIFT_OPTIMIZATION_LEVEL = "-Owholemodule";
				VALIDATE_PRODUCT = YES;
			};
			name = Release;
		};
		E978C3CF1E236B3F00B73BF6 /* Debug */ = {
			isa = XCBuildConfiguration;
			baseConfigurationReference = 4EF5095A693E86573D880F03 /* Pods-lolyhub.debug.xcconfig */;
			buildSettings = {
				ASSETCATALOG_COMPILER_APPICON_NAME = AppIcon;
				INFOPLIST_FILE = lolyhub/Info.plist;
				IPHONEOS_DEPLOYMENT_TARGET = 9.0;
				LD_RUNPATH_SEARCH_PATHS = "$(inherited) @executable_path/Frameworks";
				PRODUCT_BUNDLE_IDENTIFIER = com.neosofttech.lolyhub;
				PRODUCT_NAME = "$(TARGET_NAME)";
				SWIFT_VERSION = 3.0;
				TARGETED_DEVICE_FAMILY = "1,2";
			};
			name = Debug;
		};
		E978C3D01E236B3F00B73BF6 /* Release */ = {
			isa = XCBuildConfiguration;
			baseConfigurationReference = 3A06159734B15997B22D7A64 /* Pods-lolyhub.release.xcconfig */;
			buildSettings = {
				ASSETCATALOG_COMPILER_APPICON_NAME = AppIcon;
				INFOPLIST_FILE = lolyhub/Info.plist;
				IPHONEOS_DEPLOYMENT_TARGET = 9.0;
				LD_RUNPATH_SEARCH_PATHS = "$(inherited) @executable_path/Frameworks";
				PRODUCT_BUNDLE_IDENTIFIER = com.neosofttech.lolyhub;
				PRODUCT_NAME = "$(TARGET_NAME)";
				SWIFT_VERSION = 3.0;
				TARGETED_DEVICE_FAMILY = "1,2";
			};
			name = Release;
		};
		E978C3D21E236B3F00B73BF6 /* Debug */ = {
			isa = XCBuildConfiguration;
			buildSettings = {
				ALWAYS_EMBED_SWIFT_STANDARD_LIBRARIES = YES;
				BUNDLE_LOADER = "$(TEST_HOST)";
				INFOPLIST_FILE = lolyhubTests/Info.plist;
				LD_RUNPATH_SEARCH_PATHS = "$(inherited) @executable_path/Frameworks @loader_path/Frameworks";
				PRODUCT_BUNDLE_IDENTIFIER = com.neosofttech.lolyhubTests;
				PRODUCT_NAME = "$(TARGET_NAME)";
				SWIFT_VERSION = 3.0;
				TEST_HOST = "$(BUILT_PRODUCTS_DIR)/lolyhub.app/lolyhub";
			};
			name = Debug;
		};
		E978C3D31E236B3F00B73BF6 /* Release */ = {
			isa = XCBuildConfiguration;
			buildSettings = {
				ALWAYS_EMBED_SWIFT_STANDARD_LIBRARIES = YES;
				BUNDLE_LOADER = "$(TEST_HOST)";
				INFOPLIST_FILE = lolyhubTests/Info.plist;
				LD_RUNPATH_SEARCH_PATHS = "$(inherited) @executable_path/Frameworks @loader_path/Frameworks";
				PRODUCT_BUNDLE_IDENTIFIER = com.neosofttech.lolyhubTests;
				PRODUCT_NAME = "$(TARGET_NAME)";
				SWIFT_VERSION = 3.0;
				TEST_HOST = "$(BUILT_PRODUCTS_DIR)/lolyhub.app/lolyhub";
			};
			name = Release;
		};
		E978C3D51E236B3F00B73BF6 /* Debug */ = {
			isa = XCBuildConfiguration;
			buildSettings = {
				ALWAYS_EMBED_SWIFT_STANDARD_LIBRARIES = YES;
				INFOPLIST_FILE = lolyhubUITests/Info.plist;
				LD_RUNPATH_SEARCH_PATHS = "$(inherited) @executable_path/Frameworks @loader_path/Frameworks";
				PRODUCT_BUNDLE_IDENTIFIER = com.neosofttech.lolyhubUITests;
				PRODUCT_NAME = "$(TARGET_NAME)";
				SWIFT_VERSION = 3.0;
				TEST_TARGET_NAME = lolyhub;
			};
			name = Debug;
		};
		E978C3D61E236B3F00B73BF6 /* Release */ = {
			isa = XCBuildConfiguration;
			buildSettings = {
				ALWAYS_EMBED_SWIFT_STANDARD_LIBRARIES = YES;
				INFOPLIST_FILE = lolyhubUITests/Info.plist;
				LD_RUNPATH_SEARCH_PATHS = "$(inherited) @executable_path/Frameworks @loader_path/Frameworks";
				PRODUCT_BUNDLE_IDENTIFIER = com.neosofttech.lolyhubUITests;
				PRODUCT_NAME = "$(TARGET_NAME)";
				SWIFT_VERSION = 3.0;
				TEST_TARGET_NAME = lolyhub;
			};
			name = Release;
		};
/* End XCBuildConfiguration section */

/* Begin XCConfigurationList section */
		E978C3A11E236B3F00B73BF6 /* Build configuration list for PBXProject "lolyhub" */ = {
			isa = XCConfigurationList;
			buildConfigurations = (
				E978C3CC1E236B3F00B73BF6 /* Debug */,
				E978C3CD1E236B3F00B73BF6 /* Release */,
			);
			defaultConfigurationIsVisible = 0;
			defaultConfigurationName = Release;
		};
		E978C3CE1E236B3F00B73BF6 /* Build configuration list for PBXNativeTarget "lolyhub" */ = {
			isa = XCConfigurationList;
			buildConfigurations = (
				E978C3CF1E236B3F00B73BF6 /* Debug */,
				E978C3D01E236B3F00B73BF6 /* Release */,
			);
			defaultConfigurationIsVisible = 0;
			defaultConfigurationName = Release;
		};
		E978C3D11E236B3F00B73BF6 /* Build configuration list for PBXNativeTarget "lolyhubTests" */ = {
			isa = XCConfigurationList;
			buildConfigurations = (
				E978C3D21E236B3F00B73BF6 /* Debug */,
				E978C3D31E236B3F00B73BF6 /* Release */,
			);
			defaultConfigurationIsVisible = 0;
			defaultConfigurationName = Release;
		};
		E978C3D41E236B3F00B73BF6 /* Build configuration list for PBXNativeTarget "lolyhubUITests" */ = {
			isa = XCConfigurationList;
			buildConfigurations = (
				E978C3D51E236B3F00B73BF6 /* Debug */,
				E978C3D61E236B3F00B73BF6 /* Release */,
			);
			defaultConfigurationIsVisible = 0;
			defaultConfigurationName = Release;
		};
/* End XCConfigurationList section */
	};
	rootObject = E978C39E1E236B3F00B73BF6 /* Project object */;
}
